
Microsoft Visual Studio Solution File, Format Version 12.00
# Visual Studio Version 16
VisualStudioVersion = 16.0.31129.286
MinimumVisualStudioVersion = 10.0.40219.1
Project("{FAE04EC0-301F-11D3-BF4B-00C04F79EFBC}") = "2021aoc6", "2021aoc6\2021aoc6.csproj", "{22EEB607-C799-407F-8060-4714E7A246A6}"
EndProject
Global
	GlobalSection(SolutionConfigurationPlatforms) = preSolution
		Debug|Any CPU = Debug|Any CPU
		Release|Any CPU = Release|Any CPU
	EndGlobalSection
	GlobalSection(ProjectConfigurationPlatforms) = postSolution
		{22EEB607-C799-407F-8060-4714E7A246A6}.Debug|Any CPU.ActiveCfg = Debug|Any CPU
		{22EEB607-C799-407F-8060-4714E7A246A6}.Debug|Any CPU.Build.0 = Debug|Any CPU
		{22EEB607-C799-407F-8060-4714E7A246A6}.Release|Any CPU.ActiveCfg = Release|Any CPU
		{22EEB607-C799-407F-8060-4714E7A246A6}.Release|Any CPU.Build.0 = Release|Any CPU
	EndGlobalSection
	GlobalSection(SolutionProperties) = preSolution
		HideSolutionNode = FALSE
	EndGlobalSection
	GlobalSection(ExtensibilityGlobals) = postSolution
		SolutionGuid = {5F44DFD3-F129-47BD-8FF7-1ABA20861273}
	EndGlobalSection
EndGlobal
